
Microsoft Visual Studio Solution File, Format Version 12.00
# Visual Studio 2012
Project("{FAE04EC0-301F-11D3-BF4B-00C04F79EFBC}") = "Syslog.Test", "Syslog.Test\Syslog.Test.csproj", "{AA3E8C4F-77EA-4CAF-B5C1-AA47984281B2}"
EndProject
Project("{FAE04EC0-301F-11D3-BF4B-00C04F79EFBC}") = "Syslog.Server", "Syslog.Server\Syslog.Server.csproj", "{9D39D0CF-55FF-43E9-A64F-9C720937116D}"
EndProject
Project("{FAE04EC0-301F-11D3-BF4B-00C04F79EFBC}") = "Syslog.Service", "Syslog.Service\Syslog.Service.csproj", "{18E7B003-EBD6-4413-98DB-5D663173A6ED}"
EndProject
Project("{FAE04EC0-301F-11D3-BF4B-00C04F79EFBC}") = "Syslog.Console", "Syslog.Console\Syslog.Console.csproj", "{B5A059CC-4278-4C09-BC70-C425811A113E}"
EndProject
Project("{FAE04EC0-301F-11D3-BF4B-00C04F79EFBC}") = "Syslog.BarracudaWebFilter", "Syslog.BarracudaWebFilter\Syslog.BarracudaWebFilter.csproj", "{081BD642-4D9D-489E-B170-7E9755BFB2CB}"
EndProject
Project("{FAE04EC0-301F-11D3-BF4B-00C04F79EFBC}") = "Syslog.BarracudaSpamFilter", "Syslog.BarracudaSpamFilter\Syslog.BarracudaSpamFilter.csproj", "{8D56A5F0-E261-4F51-813A-543980BA4FF4}"
EndProject
Project("{FAE04EC0-301F-11D3-BF4B-00C04F79EFBC}") = "Syslog.GenericFilter", "Syslog.GenericFilter\Syslog.GenericFilter.csproj", "{D9C405CC-9CB0-4F71-9728-A5AA9FE891C3}"
EndProject
Global
	GlobalSection(SolutionConfigurationPlatforms) = preSolution
		Debug|Any CPU = Debug|Any CPU
		Debug|Mixed Platforms = Debug|Mixed Platforms
		Debug|x86 = Debug|x86
		DebugLocal|Any CPU = DebugLocal|Any CPU
		DebugLocal|Mixed Platforms = DebugLocal|Mixed Platforms
		DebugLocal|x86 = DebugLocal|x86
		Production|Any CPU = Production|Any CPU
		Production|Mixed Platforms = Production|Mixed Platforms
		Production|x86 = Production|x86
		Release|Any CPU = Release|Any CPU
		Release|Mixed Platforms = Release|Mixed Platforms
		Release|x86 = Release|x86
	EndGlobalSection
	GlobalSection(ProjectConfigurationPlatforms) = postSolution
		{AA3E8C4F-77EA-4CAF-B5C1-AA47984281B2}.Debug|Any CPU.ActiveCfg = Debug|Any CPU
		{AA3E8C4F-77EA-4CAF-B5C1-AA47984281B2}.Debug|Any CPU.Build.0 = Debug|Any CPU
		{AA3E8C4F-77EA-4CAF-B5C1-AA47984281B2}.Debug|Mixed Platforms.ActiveCfg = Debug|Any CPU
		{AA3E8C4F-77EA-4CAF-B5C1-AA47984281B2}.Debug|Mixed Platforms.Build.0 = Debug|Any CPU
		{AA3E8C4F-77EA-4CAF-B5C1-AA47984281B2}.Debug|x86.ActiveCfg = Debug|Any CPU
		{AA3E8C4F-77EA-4CAF-B5C1-AA47984281B2}.DebugLocal|Any CPU.ActiveCfg = Debug|Any CPU
		{AA3E8C4F-77EA-4CAF-B5C1-AA47984281B2}.DebugLocal|Any CPU.Build.0 = Debug|Any CPU
		{AA3E8C4F-77EA-4CAF-B5C1-AA47984281B2}.DebugLocal|Mixed Platforms.ActiveCfg = Debug|Any CPU
		{AA3E8C4F-77EA-4CAF-B5C1-AA47984281B2}.DebugLocal|Mixed Platforms.Build.0 = Debug|Any CPU
		{AA3E8C4F-77EA-4CAF-B5C1-AA47984281B2}.DebugLocal|x86.ActiveCfg = Debug|Any CPU
		{AA3E8C4F-77EA-4CAF-B5C1-AA47984281B2}.Production|Any CPU.ActiveCfg = Release|Any CPU
		{AA3E8C4F-77EA-4CAF-B5C1-AA47984281B2}.Production|Any CPU.Build.0 = Release|Any CPU
		{AA3E8C4F-77EA-4CAF-B5C1-AA47984281B2}.Production|Mixed Platforms.ActiveCfg = Release|Any CPU
		{AA3E8C4F-77EA-4CAF-B5C1-AA47984281B2}.Production|Mixed Platforms.Build.0 = Release|Any CPU
		{AA3E8C4F-77EA-4CAF-B5C1-AA47984281B2}.Production|x86.ActiveCfg = Release|Any CPU
		{AA3E8C4F-77EA-4CAF-B5C1-AA47984281B2}.Release|Any CPU.ActiveCfg = Release|Any CPU
		{AA3E8C4F-77EA-4CAF-B5C1-AA47984281B2}.Release|Any CPU.Build.0 = Release|Any CPU
		{AA3E8C4F-77EA-4CAF-B5C1-AA47984281B2}.Release|Mixed Platforms.ActiveCfg = Release|Any CPU
		{AA3E8C4F-77EA-4CAF-B5C1-AA47984281B2}.Release|Mixed Platforms.Build.0 = Release|Any CPU
		{AA3E8C4F-77EA-4CAF-B5C1-AA47984281B2}.Release|x86.ActiveCfg = Release|Any CPU
		{9D39D0CF-55FF-43E9-A64F-9C720937116D}.Debug|Any CPU.ActiveCfg = Debug|Any CPU
		{9D39D0CF-55FF-43E9-A64F-9C720937116D}.Debug|Any CPU.Build.0 = Debug|Any CPU
		{9D39D0CF-55FF-43E9-A64F-9C720937116D}.Debug|Mixed Platforms.ActiveCfg = Debug|Any CPU
		{9D39D0CF-55FF-43E9-A64F-9C720937116D}.Debug|Mixed Platforms.Build.0 = Debug|Any CPU
		{9D39D0CF-55FF-43E9-A64F-9C720937116D}.Debug|x86.ActiveCfg = Debug|Any CPU
		{9D39D0CF-55FF-43E9-A64F-9C720937116D}.DebugLocal|Any CPU.ActiveCfg = Debug|Any CPU
		{9D39D0CF-55FF-43E9-A64F-9C720937116D}.DebugLocal|Any CPU.Build.0 = Debug|Any CPU
		{9D39D0CF-55FF-43E9-A64F-9C720937116D}.DebugLocal|Mixed Platforms.ActiveCfg = Debug|Any CPU
		{9D39D0CF-55FF-43E9-A64F-9C720937116D}.DebugLocal|Mixed Platforms.Build.0 = Debug|Any CPU
		{9D39D0CF-55FF-43E9-A64F-9C720937116D}.DebugLocal|x86.ActiveCfg = Debug|Any CPU
		{9D39D0CF-55FF-43E9-A64F-9C720937116D}.Production|Any CPU.ActiveCfg = Release|Any CPU
		{9D39D0CF-55FF-43E9-A64F-9C720937116D}.Production|Any CPU.Build.0 = Release|Any CPU
		{9D39D0CF-55FF-43E9-A64F-9C720937116D}.Production|Mixed Platforms.ActiveCfg = Release|Any CPU
		{9D39D0CF-55FF-43E9-A64F-9C720937116D}.Production|Mixed Platforms.Build.0 = Release|Any CPU
		{9D39D0CF-55FF-43E9-A64F-9C720937116D}.Production|x86.ActiveCfg = Release|Any CPU
		{9D39D0CF-55FF-43E9-A64F-9C720937116D}.Release|Any CPU.ActiveCfg = Release|Any CPU
		{9D39D0CF-55FF-43E9-A64F-9C720937116D}.Release|Any CPU.Build.0 = Release|Any CPU
		{9D39D0CF-55FF-43E9-A64F-9C720937116D}.Release|Mixed Platforms.ActiveCfg = Release|Any CPU
		{9D39D0CF-55FF-43E9-A64F-9C720937116D}.Release|Mixed Platforms.Build.0 = Release|Any CPU
		{9D39D0CF-55FF-43E9-A64F-9C720937116D}.Release|x86.ActiveCfg = Release|Any CPU
		{18E7B003-EBD6-4413-98DB-5D663173A6ED}.Debug|Any CPU.ActiveCfg = Debug|Any CPU
		{18E7B003-EBD6-4413-98DB-5D663173A6ED}.Debug|Any CPU.Build.0 = Debug|Any CPU
		{18E7B003-EBD6-4413-98DB-5D663173A6ED}.Debug|Mixed Platforms.ActiveCfg = Debug|Any CPU
		{18E7B003-EBD6-4413-98DB-5D663173A6ED}.Debug|Mixed Platforms.Build.0 = Debug|Any CPU
		{18E7B003-EBD6-4413-98DB-5D663173A6ED}.Debug|x86.ActiveCfg = Debug|Any CPU
		{18E7B003-EBD6-4413-98DB-5D663173A6ED}.DebugLocal|Any CPU.ActiveCfg = Debug|Any CPU
		{18E7B003-EBD6-4413-98DB-5D663173A6ED}.DebugLocal|Any CPU.Build.0 = Debug|Any CPU
		{18E7B003-EBD6-4413-98DB-5D663173A6ED}.DebugLocal|Mixed Platforms.ActiveCfg = Debug|Any CPU
		{18E7B003-EBD6-4413-98DB-5D663173A6ED}.DebugLocal|Mixed Platforms.Build.0 = Debug|Any CPU
		{18E7B003-EBD6-4413-98DB-5D663173A6ED}.DebugLocal|x86.ActiveCfg = Debug|Any CPU
		{18E7B003-EBD6-4413-98DB-5D663173A6ED}.Production|Any CPU.ActiveCfg = Release|Any CPU
		{18E7B003-EBD6-4413-98DB-5D663173A6ED}.Production|Any CPU.Build.0 = Release|Any CPU
		{18E7B003-EBD6-4413-98DB-5D663173A6ED}.Production|Mixed Platforms.ActiveCfg = Release|Any CPU
		{18E7B003-EBD6-4413-98DB-5D663173A6ED}.Production|Mixed Platforms.Build.0 = Release|Any CPU
		{18E7B003-EBD6-4413-98DB-5D663173A6ED}.Production|x86.ActiveCfg = Release|Any CPU
		{18E7B003-EBD6-4413-98DB-5D663173A6ED}.Release|Any CPU.ActiveCfg = Release|Any CPU
		{18E7B003-EBD6-4413-98DB-5D663173A6ED}.Release|Any CPU.Build.0 = Release|Any CPU
		{18E7B003-EBD6-4413-98DB-5D663173A6ED}.Release|Mixed Platforms.ActiveCfg = Release|Any CPU
		{18E7B003-EBD6-4413-98DB-5D663173A6ED}.Release|Mixed Platforms.Build.0 = Release|Any CPU
		{18E7B003-EBD6-4413-98DB-5D663173A6ED}.Release|x86.ActiveCfg = Release|Any CPU
		{B5A059CC-4278-4C09-BC70-C425811A113E}.Debug|Any CPU.ActiveCfg = Debug|Any CPU
		{B5A059CC-4278-4C09-BC70-C425811A113E}.Debug|Any CPU.Build.0 = Debug|Any CPU
		{B5A059CC-4278-4C09-BC70-C425811A113E}.Debug|Mixed Platforms.ActiveCfg = Debug|Any CPU
		{B5A059CC-4278-4C09-BC70-C425811A113E}.Debug|Mixed Platforms.Build.0 = Debug|Any CPU
		{B5A059CC-4278-4C09-BC70-C425811A113E}.Debug|x86.ActiveCfg = Debug|Any CPU
		{B5A059CC-4278-4C09-BC70-C425811A113E}.DebugLocal|Any CPU.ActiveCfg = Debug|Any CPU
		{B5A059CC-4278-4C09-BC70-C425811A113E}.DebugLocal|Any CPU.Build.0 = Debug|Any CPU
		{B5A059CC-4278-4C09-BC70-C425811A113E}.DebugLocal|Mixed Platforms.ActiveCfg = Debug|Any CPU
		{B5A059CC-4278-4C09-BC70-C425811A113E}.DebugLocal|Mixed Platforms.Build.0 = Debug|Any CPU
		{B5A059CC-4278-4C09-BC70-C425811A113E}.DebugLocal|x86.ActiveCfg = Debug|Any CPU
		{B5A059CC-4278-4C09-BC70-C425811A113E}.Production|Any CPU.ActiveCfg = Release|Any CPU
		{B5A059CC-4278-4C09-BC70-C425811A113E}.Production|Any CPU.Build.0 = Release|Any CPU
		{B5A059CC-4278-4C09-BC70-C425811A113E}.Production|Mixed Platforms.ActiveCfg = Release|Any CPU
		{B5A059CC-4278-4C09-BC70-C425811A113E}.Production|Mixed Platforms.Build.0 = Release|Any CPU
		{B5A059CC-4278-4C09-BC70-C425811A113E}.Production|x86.ActiveCfg = Release|Any CPU
		{B5A059CC-4278-4C09-BC70-C425811A113E}.Release|Any CPU.ActiveCfg = Release|Any CPU
		{B5A059CC-4278-4C09-BC70-C425811A113E}.Release|Any CPU.Build.0 = Release|Any CPU
		{B5A059CC-4278-4C09-BC70-C425811A113E}.Release|Mixed Platforms.ActiveCfg = Release|Any CPU
		{B5A059CC-4278-4C09-BC70-C425811A113E}.Release|Mixed Platforms.Build.0 = Release|Any CPU
		{B5A059CC-4278-4C09-BC70-C425811A113E}.Release|x86.ActiveCfg = Release|Any CPU
		{081BD642-4D9D-489E-B170-7E9755BFB2CB}.Debug|Any CPU.ActiveCfg = Debug|Any CPU
		{081BD642-4D9D-489E-B170-7E9755BFB2CB}.Debug|Any CPU.Build.0 = Debug|Any CPU
		{081BD642-4D9D-489E-B170-7E9755BFB2CB}.Debug|Mixed Platforms.ActiveCfg = Debug|Any CPU
		{081BD642-4D9D-489E-B170-7E9755BFB2CB}.Debug|Mixed Platforms.Build.0 = Debug|Any CPU
		{081BD642-4D9D-489E-B170-7E9755BFB2CB}.Debug|x86.ActiveCfg = Debug|Any CPU
		{081BD642-4D9D-489E-B170-7E9755BFB2CB}.DebugLocal|Any CPU.ActiveCfg = Debug|Any CPU
		{081BD642-4D9D-489E-B170-7E9755BFB2CB}.DebugLocal|Any CPU.Build.0 = Debug|Any CPU
		{081BD642-4D9D-489E-B170-7E9755BFB2CB}.DebugLocal|Mixed Platforms.ActiveCfg = Debug|Any CPU
		{081BD642-4D9D-489E-B170-7E9755BFB2CB}.DebugLocal|Mixed Platforms.Build.0 = Debug|Any CPU
		{081BD642-4D9D-489E-B170-7E9755BFB2CB}.DebugLocal|x86.ActiveCfg = Debug|Any CPU
		{081BD642-4D9D-489E-B170-7E9755BFB2CB}.Production|Any CPU.ActiveCfg = Release|Any CPU
		{081BD642-4D9D-489E-B170-7E9755BFB2CB}.Production|Any CPU.Build.0 = Release|Any CPU
		{081BD642-4D9D-489E-B170-7E9755BFB2CB}.Production|Mixed Platforms.ActiveCfg = Release|Any CPU
		{081BD642-4D9D-489E-B170-7E9755BFB2CB}.Production|Mixed Platforms.Build.0 = Release|Any CPU
		{081BD642-4D9D-489E-B170-7E9755BFB2CB}.Production|x86.ActiveCfg = Release|Any CPU
		{081BD642-4D9D-489E-B170-7E9755BFB2CB}.Release|Any CPU.ActiveCfg = Release|Any CPU
		{081BD642-4D9D-489E-B170-7E9755BFB2CB}.Release|Any CPU.Build.0 = Release|Any CPU
		{081BD642-4D9D-489E-B170-7E9755BFB2CB}.Release|Mixed Platforms.ActiveCfg = Release|Any CPU
		{081BD642-4D9D-489E-B170-7E9755BFB2CB}.Release|Mixed Platforms.Build.0 = Release|Any CPU
		{081BD642-4D9D-489E-B170-7E9755BFB2CB}.Release|x86.ActiveCfg = Release|Any CPU
		{8D56A5F0-E261-4F51-813A-543980BA4FF4}.Debug|Any CPU.ActiveCfg = Debug|Any CPU
		{8D56A5F0-E261-4F51-813A-543980BA4FF4}.Debug|Any CPU.Build.0 = Debug|Any CPU
		{8D56A5F0-E261-4F51-813A-543980BA4FF4}.Debug|Mixed Platforms.ActiveCfg = Debug|Any CPU
		{8D56A5F0-E261-4F51-813A-543980BA4FF4}.Debug|Mixed Platforms.Build.0 = Debug|Any CPU
		{8D56A5F0-E261-4F51-813A-543980BA4FF4}.Debug|x86.ActiveCfg = Debug|Any CPU
		{8D56A5F0-E261-4F51-813A-543980BA4FF4}.DebugLocal|Any CPU.ActiveCfg = Debug|Any CPU
		{8D56A5F0-E261-4F51-813A-543980BA4FF4}.DebugLocal|Any CPU.Build.0 = Debug|Any CPU
		{8D56A5F0-E261-4F51-813A-543980BA4FF4}.DebugLocal|Mixed Platforms.ActiveCfg = Debug|Any CPU
		{8D56A5F0-E261-4F51-813A-543980BA4FF4}.DebugLocal|Mixed Platforms.Build.0 = Debug|Any CPU
		{8D56A5F0-E261-4F51-813A-543980BA4FF4}.DebugLocal|x86.ActiveCfg = Debug|Any CPU
		{8D56A5F0-E261-4F51-813A-543980BA4FF4}.Production|Any CPU.ActiveCfg = Release|Any CPU
		{8D56A5F0-E261-4F51-813A-543980BA4FF4}.Production|Any CPU.Build.0 = Release|Any CPU
		{8D56A5F0-E261-4F51-813A-543980BA4FF4}.Production|Mixed Platforms.ActiveCfg = Release|Any CPU
		{8D56A5F0-E261-4F51-813A-543980BA4FF4}.Production|Mixed Platforms.Build.0 = Release|Any CPU
		{8D56A5F0-E261-4F51-813A-543980BA4FF4}.Production|x86.ActiveCfg = Release|Any CPU
		{8D56A5F0-E261-4F51-813A-543980BA4FF4}.Release|Any CPU.ActiveCfg = Release|Any CPU
		{8D56A5F0-E261-4F51-813A-543980BA4FF4}.Release|Any CPU.Build.0 = Release|Any CPU
		{8D56A5F0-E261-4F51-813A-543980BA4FF4}.Release|Mixed Platforms.ActiveCfg = Release|Any CPU
		{8D56A5F0-E261-4F51-813A-543980BA4FF4}.Release|Mixed Platforms.Build.0 = Release|Any CPU
		{8D56A5F0-E261-4F51-813A-543980BA4FF4}.Release|x86.ActiveCfg = Release|Any CPU
		{D9C405CC-9CB0-4F71-9728-A5AA9FE891C3}.Debug|Any CPU.ActiveCfg = Debug|Any CPU
		{D9C405CC-9CB0-4F71-9728-A5AA9FE891C3}.Debug|Any CPU.Build.0 = Debug|Any CPU
		{D9C405CC-9CB0-4F71-9728-A5AA9FE891C3}.Debug|Mixed Platforms.ActiveCfg = Debug|Any CPU
		{D9C405CC-9CB0-4F71-9728-A5AA9FE891C3}.Debug|Mixed Platforms.Build.0 = Debug|Any CPU
		{D9C405CC-9CB0-4F71-9728-A5AA9FE891C3}.Debug|x86.ActiveCfg = Debug|Any CPU
		{D9C405CC-9CB0-4F71-9728-A5AA9FE891C3}.DebugLocal|Any CPU.ActiveCfg = Debug|Any CPU
		{D9C405CC-9CB0-4F71-9728-A5AA9FE891C3}.DebugLocal|Any CPU.Build.0 = Debug|Any CPU
		{D9C405CC-9CB0-4F71-9728-A5AA9FE891C3}.DebugLocal|Mixed Platforms.ActiveCfg = Debug|Any CPU
		{D9C405CC-9CB0-4F71-9728-A5AA9FE891C3}.DebugLocal|Mixed Platforms.Build.0 = Debug|Any CPU
		{D9C405CC-9CB0-4F71-9728-A5AA9FE891C3}.DebugLocal|x86.ActiveCfg = Debug|Any CPU
		{D9C405CC-9CB0-4F71-9728-A5AA9FE891C3}.Production|Any CPU.ActiveCfg = Release|Any CPU
		{D9C405CC-9CB0-4F71-9728-A5AA9FE891C3}.Production|Any CPU.Build.0 = Release|Any CPU
		{D9C405CC-9CB0-4F71-9728-A5AA9FE891C3}.Production|Mixed Platforms.ActiveCfg = Release|Any CPU
		{D9C405CC-9CB0-4F71-9728-A5AA9FE891C3}.Production|Mixed Platforms.Build.0 = Release|Any CPU
		{D9C405CC-9CB0-4F71-9728-A5AA9FE891C3}.Production|x86.ActiveCfg = Release|Any CPU
		{D9C405CC-9CB0-4F71-9728-A5AA9FE891C3}.Release|Any CPU.ActiveCfg = Release|Any CPU
		{D9C405CC-9CB0-4F71-9728-A5AA9FE891C3}.Release|Any CPU.Build.0 = Release|Any CPU
		{D9C405CC-9CB0-4F71-9728-A5AA9FE891C3}.Release|Mixed Platforms.ActiveCfg = Release|Any CPU
		{D9C405CC-9CB0-4F71-9728-A5AA9FE891C3}.Release|Mixed Platforms.Build.0 = Release|Any CPU
		{D9C405CC-9CB0-4F71-9728-A5AA9FE891C3}.Release|x86.ActiveCfg = Release|Any CPU
	EndGlobalSection
	GlobalSection(SolutionProperties) = preSolution
		HideSolutionNode = FALSE
	EndGlobalSection
EndGlobal
